{
  "version": 4,
  "terraform_version": "0.12.24",
  "serial": 48,
  "lineage": "9787bdb5-ffdc-a98f-a26a-4170a696aa0c",
  "outputs": {},
  "resources": [
    {
      "mode": "managed",
      "type": "azurerm_lb",
      "name": "demo",
      "provider": "provider.azurerm",
      "instances": [
        {
          "schema_version": 0,
          "attributes": {
            "frontend_ip_configuration": [
              {
                "id": "/subscriptions/cb093eb3-01ca-40f7-954f-db42917ce46a/resourceGroups/autoscaling-demo/providers/Microsoft.Network/loadBalancers/demo-loadbalancer/frontendIPConfigurations/PublicIPAddress",
                "inbound_nat_rules": [],
                "load_balancer_rules": [],
                "name": "PublicIPAddress",
                "outbound_rules": [],
                "private_ip_address": "",
                "private_ip_address_allocation": "Dynamic",
                "private_ip_address_version": "IPv4",
                "public_ip_address_id": "/subscriptions/cb093eb3-01ca-40f7-954f-db42917ce46a/resourceGroups/autoscaling-demo/providers/Microsoft.Network/publicIPAddresses/demo-public-ip",
                "public_ip_prefix_id": "",
                "subnet_id": "",
                "zones": null
              }
            ],
            "id": "/subscriptions/cb093eb3-01ca-40f7-954f-db42917ce46a/resourceGroups/autoscaling-demo/providers/Microsoft.Network/loadBalancers/demo-loadbalancer",
            "location": "canadacentral",
            "name": "demo-loadbalancer",
            "private_ip_address": "",
            "private_ip_addresses": [],
            "resource_group_name": "autoscaling-demo",
            "sku": "Basic",
            "tags": null,
            "timeouts": null
          },
          "private": "eyJlMmJmYjczMC1lY2FhLTExZTYtOGY4OC0zNDM2M2JjN2M0YzAiOnsiY3JlYXRlIjoxODAwMDAwMDAwMDAwLCJkZWxldGUiOjE4MDAwMDAwMDAwMDAsInJlYWQiOjMwMDAwMDAwMDAwMCwidXBkYXRlIjoxODAwMDAwMDAwMDAwfX0=",
          "dependencies": [
            "azurerm_public_ip.demo",
            "azurerm_resource_group.demo"
          ]
        }
      ]
    },
    {
      "mode": "managed",
      "type": "azurerm_lb_backend_address_pool",
      "name": "bpepool",
      "provider": "provider.azurerm",
      "instances": [
        {
          "schema_version": 0,
          "attributes": {
            "backend_ip_configurations": [],
            "id": "/subscriptions/cb093eb3-01ca-40f7-954f-db42917ce46a/resourceGroups/autoscaling-demo/providers/Microsoft.Network/loadBalancers/demo-loadbalancer/backendAddressPools/BackEndAddressPool",
            "load_balancing_rules": [],
            "loadbalancer_id": "/subscriptions/cb093eb3-01ca-40f7-954f-db42917ce46a/resourceGroups/autoscaling-demo/providers/Microsoft.Network/loadBalancers/demo-loadbalancer",
            "name": "BackEndAddressPool",
            "resource_group_name": "autoscaling-demo",
            "timeouts": null
          },
          "private": "eyJlMmJmYjczMC1lY2FhLTExZTYtOGY4OC0zNDM2M2JjN2M0YzAiOnsiY3JlYXRlIjoxODAwMDAwMDAwMDAwLCJkZWxldGUiOjE4MDAwMDAwMDAwMDAsInJlYWQiOjMwMDAwMDAwMDAwMCwidXBkYXRlIjoxODAwMDAwMDAwMDAwfX0=",
          "dependencies": [
            "azurerm_lb.demo",
            "azurerm_public_ip.demo",
            "azurerm_resource_group.demo"
          ]
        }
      ]
    },
    {
      "mode": "managed",
      "type": "azurerm_lb_nat_pool",
      "name": "lbnatpool",
      "provider": "provider.azurerm",
      "instances": [
        {
          "schema_version": 0,
          "attributes": {
            "backend_port": 22,
            "frontend_ip_configuration_id": "/subscriptions/cb093eb3-01ca-40f7-954f-db42917ce46a/resourceGroups/autoscaling-demo/providers/Microsoft.Network/loadBalancers/demo-loadbalancer/frontendIPConfigurations/PublicIPAddress",
            "frontend_ip_configuration_name": "PublicIPAddress",
            "frontend_port_end": 50119,
            "frontend_port_start": 50000,
            "id": "/subscriptions/cb093eb3-01ca-40f7-954f-db42917ce46a/resourceGroups/autoscaling-demo/providers/Microsoft.Network/loadBalancers/demo-loadbalancer/inboundNatPools/ssh",
            "loadbalancer_id": "/subscriptions/cb093eb3-01ca-40f7-954f-db42917ce46a/resourceGroups/autoscaling-demo/providers/Microsoft.Network/loadBalancers/demo-loadbalancer",
            "name": "ssh",
            "protocol": "Tcp",
            "resource_group_name": "autoscaling-demo",
            "timeouts": null
          },
          "private": "eyJlMmJmYjczMC1lY2FhLTExZTYtOGY4OC0zNDM2M2JjN2M0YzAiOnsiY3JlYXRlIjoxODAwMDAwMDAwMDAwLCJkZWxldGUiOjE4MDAwMDAwMDAwMDAsInJlYWQiOjMwMDAwMDAwMDAwMCwidXBkYXRlIjoxODAwMDAwMDAwMDAwfX0=",
          "dependencies": [
            "azurerm_lb.demo",
            "azurerm_public_ip.demo",
            "azurerm_resource_group.demo"
          ]
        }
      ]
    },
    {
      "mode": "managed",
      "type": "azurerm_lb_probe",
      "name": "demo",
      "provider": "provider.azurerm",
      "instances": [
        {
          "schema_version": 0,
          "attributes": {
            "id": "/subscriptions/cb093eb3-01ca-40f7-954f-db42917ce46a/resourceGroups/autoscaling-demo/providers/Microsoft.Network/loadBalancers/demo-loadbalancer/probes/http-probe",
            "interval_in_seconds": 15,
            "load_balancer_rules": [],
            "loadbalancer_id": "/subscriptions/cb093eb3-01ca-40f7-954f-db42917ce46a/resourceGroups/autoscaling-demo/providers/Microsoft.Network/loadBalancers/demo-loadbalancer",
            "name": "http-probe",
            "number_of_probes": 2,
            "port": 80,
            "protocol": "Http",
            "request_path": "/",
            "resource_group_name": "autoscaling-demo",
            "timeouts": null
          },
          "private": "eyJlMmJmYjczMC1lY2FhLTExZTYtOGY4OC0zNDM2M2JjN2M0YzAiOnsiY3JlYXRlIjoxODAwMDAwMDAwMDAwLCJkZWxldGUiOjE4MDAwMDAwMDAwMDAsInJlYWQiOjMwMDAwMDAwMDAwMCwidXBkYXRlIjoxODAwMDAwMDAwMDAwfX0=",
          "dependencies": [
            "azurerm_lb.demo",
            "azurerm_public_ip.demo",
            "azurerm_resource_group.demo"
          ]
        }
      ]
    },
    {
      "mode": "managed",
      "type": "azurerm_lb_rule",
      "name": "demo",
      "provider": "provider.azurerm",
      "instances": [
        {
          "schema_version": 0,
          "attributes": {
            "backend_address_pool_id": "/subscriptions/cb093eb3-01ca-40f7-954f-db42917ce46a/resourceGroups/autoscaling-demo/providers/Microsoft.Network/loadBalancers/demo-loadbalancer/backendAddressPools/BackEndAddressPool",
            "backend_port": 80,
            "disable_outbound_snat": false,
            "enable_floating_ip": false,
            "enable_tcp_reset": false,
            "frontend_ip_configuration_id": "/subscriptions/cb093eb3-01ca-40f7-954f-db42917ce46a/resourceGroups/autoscaling-demo/providers/Microsoft.Network/loadBalancers/demo-loadbalancer/frontendIPConfigurations/PublicIPAddress",
            "frontend_ip_configuration_name": "PublicIPAddress",
            "frontend_port": 80,
            "id": "/subscriptions/cb093eb3-01ca-40f7-954f-db42917ce46a/resourceGroups/autoscaling-demo/providers/Microsoft.Network/loadBalancers/demo-loadbalancer/loadBalancingRules/LBRule",
            "idle_timeout_in_minutes": 4,
            "load_distribution": "Default",
            "loadbalancer_id": "/subscriptions/cb093eb3-01ca-40f7-954f-db42917ce46a/resourceGroups/autoscaling-demo/providers/Microsoft.Network/loadBalancers/demo-loadbalancer",
            "name": "LBRule",
            "probe_id": "/subscriptions/cb093eb3-01ca-40f7-954f-db42917ce46a/resourceGroups/autoscaling-demo/providers/Microsoft.Network/loadBalancers/demo-loadbalancer/probes/http-probe",
            "protocol": "Tcp",
            "resource_group_name": "autoscaling-demo",
            "timeouts": null
          },
          "private": "eyJlMmJmYjczMC1lY2FhLTExZTYtOGY4OC0zNDM2M2JjN2M0YzAiOnsiY3JlYXRlIjoxODAwMDAwMDAwMDAwLCJkZWxldGUiOjE4MDAwMDAwMDAwMDAsInJlYWQiOjMwMDAwMDAwMDAwMCwidXBkYXRlIjoxODAwMDAwMDAwMDAwfX0=",
          "dependencies": [
            "azurerm_lb.demo",
            "azurerm_lb_backend_address_pool.bpepool",
            "azurerm_lb_probe.demo",
            "azurerm_public_ip.demo",
            "azurerm_resource_group.demo"
          ]
        }
      ]
    },
    {
      "mode": "managed",
      "type": "azurerm_monitor_autoscale_setting",
      "name": "example",
      "provider": "provider.azurerm",
      "instances": [
        {
          "schema_version": 0,
          "attributes": {
            "enabled": true,
            "id": "/subscriptions/cb093eb3-01ca-40f7-954f-db42917ce46a/resourceGroups/autoscaling-demo/providers/microsoft.insights/autoscalesettings/demo-autoscaling",
            "location": "canadacentral",
            "name": "demo-autoscaling",
            "notification": [],
            "profile": [
              {
                "capacity": [
                  {
                    "default": 2,
                    "maximum": 4,
                    "minimum": 2
                  }
                ],
                "fixed_date": [],
                "name": "defaultProfile",
                "recurrence": [],
                "rule": [
                  {
                    "metric_trigger": [
                      {
                        "metric_name": "Percentage CPU",
                        "metric_resource_id": "/subscriptions/cb093eb3-01ca-40f7-954f-db42917ce46a/resourceGroups/autoscaling-demo/providers/Microsoft.Compute/virtualMachineScaleSets/mytestscaleset-1",
                        "operator": "GreaterThan",
                        "statistic": "Average",
                        "threshold": 40,
                        "time_aggregation": "Average",
                        "time_grain": "PT1M",
                        "time_window": "PT5M"
                      }
                    ],
                    "scale_action": [
                      {
                        "cooldown": "PT1M",
                        "direction": "Increase",
                        "type": "ChangeCount",
                        "value": 1
                      }
                    ]
                  },
                  {
                    "metric_trigger": [
                      {
                        "metric_name": "Percentage CPU",
                        "metric_resource_id": "/subscriptions/cb093eb3-01ca-40f7-954f-db42917ce46a/resourceGroups/autoscaling-demo/providers/Microsoft.Compute/virtualMachineScaleSets/mytestscaleset-1",
                        "operator": "LessThan",
                        "statistic": "Average",
                        "threshold": 10,
                        "time_aggregation": "Average",
                        "time_grain": "PT1M",
                        "time_window": "PT5M"
                      }
                    ],
                    "scale_action": [
                      {
                        "cooldown": "PT1M",
                        "direction": "Decrease",
                        "type": "ChangeCount",
                        "value": 1
                      }
                    ]
                  }
                ]
              }
            ],
            "resource_group_name": "autoscaling-demo",
            "tags": null,
            "target_resource_id": "/subscriptions/cb093eb3-01ca-40f7-954f-db42917ce46a/resourceGroups/autoscaling-demo/providers/Microsoft.Compute/virtualMachineScaleSets/mytestscaleset-1",
            "timeouts": null
          },
          "private": "eyJlMmJmYjczMC1lY2FhLTExZTYtOGY4OC0zNDM2M2JjN2M0YzAiOnsiY3JlYXRlIjoxODAwMDAwMDAwMDAwLCJkZWxldGUiOjE4MDAwMDAwMDAwMDAsInJlYWQiOjMwMDAwMDAwMDAwMCwidXBkYXRlIjoxODAwMDAwMDAwMDAwfX0=",
          "dependencies": [
            "azurerm_lb.demo",
            "azurerm_lb_backend_address_pool.bpepool",
            "azurerm_lb_nat_pool.lbnatpool",
            "azurerm_lb_probe.demo",
            "azurerm_network_security_group.demo-instance",
            "azurerm_public_ip.demo",
            "azurerm_resource_group.demo",
            "azurerm_subnet.demo-subnet-1",
            "azurerm_virtual_machine_scale_set.demo",
            "azurerm_virtual_network.demo"
          ]
        }
      ]
    },
    {
      "mode": "managed",
      "type": "azurerm_network_security_group",
      "name": "demo-instance",
      "provider": "provider.azurerm",
      "instances": [
        {
          "schema_version": 0,
          "attributes": {
            "id": "/subscriptions/cb093eb3-01ca-40f7-954f-db42917ce46a/resourceGroups/autoscaling-demo/providers/Microsoft.Network/networkSecurityGroups/demo-instance-nsg",
            "location": "canadacentral",
            "name": "demo-instance-nsg",
            "resource_group_name": "autoscaling-demo",
            "security_rule": [
              {
                "access": "Allow",
                "description": "",
                "destination_address_prefix": "*",
                "destination_address_prefixes": [],
                "destination_application_security_group_ids": [],
                "destination_port_range": "22",
                "destination_port_ranges": [],
                "direction": "Inbound",
                "name": "SSH",
                "priority": 1002,
                "protocol": "Tcp",
                "source_address_prefix": "*",
                "source_address_prefixes": [],
                "source_application_security_group_ids": [],
                "source_port_range": "*",
                "source_port_ranges": []
              },
              {
                "access": "Allow",
                "description": "",
                "destination_address_prefix": "*",
                "destination_address_prefixes": [],
                "destination_application_security_group_ids": [],
                "destination_port_range": "80",
                "destination_port_ranges": [],
                "direction": "Inbound",
                "name": "HTTP",
                "priority": 1001,
                "protocol": "Tcp",
                "source_address_prefix": "*",
                "source_address_prefixes": [],
                "source_application_security_group_ids": [],
                "source_port_range": "*",
                "source_port_ranges": []
              }
            ],
            "tags": null,
            "timeouts": null
          },
          "private": "eyJlMmJmYjczMC1lY2FhLTExZTYtOGY4OC0zNDM2M2JjN2M0YzAiOnsiY3JlYXRlIjoxODAwMDAwMDAwMDAwLCJkZWxldGUiOjE4MDAwMDAwMDAwMDAsInJlYWQiOjMwMDAwMDAwMDAwMCwidXBkYXRlIjoxODAwMDAwMDAwMDAwfX0=",
          "dependencies": [
            "azurerm_resource_group.demo"
          ]
        }
      ]
    },
    {
      "mode": "managed",
      "type": "azurerm_public_ip",
      "name": "demo",
      "provider": "provider.azurerm",
      "instances": [
        {
          "schema_version": 0,
          "attributes": {
            "allocation_method": "Static",
            "domain_name_label": "autoscaling-demo",
            "fqdn": "autoscaling-demo.canadacentral.cloudapp.azure.com",
            "id": "/subscriptions/cb093eb3-01ca-40f7-954f-db42917ce46a/resourceGroups/autoscaling-demo/providers/Microsoft.Network/publicIPAddresses/demo-public-ip",
            "idle_timeout_in_minutes": 4,
            "ip_address": "20.48.149.35",
            "ip_version": "IPv4",
            "location": "canadacentral",
            "name": "demo-public-ip",
            "public_ip_prefix_id": null,
            "resource_group_name": "autoscaling-demo",
            "reverse_fqdn": "",
            "sku": "Basic",
            "tags": null,
            "timeouts": null,
            "zones": null
          },
          "private": "eyJlMmJmYjczMC1lY2FhLTExZTYtOGY4OC0zNDM2M2JjN2M0YzAiOnsiY3JlYXRlIjoxODAwMDAwMDAwMDAwLCJkZWxldGUiOjE4MDAwMDAwMDAwMDAsInJlYWQiOjMwMDAwMDAwMDAwMCwidXBkYXRlIjoxODAwMDAwMDAwMDAwfX0=",
          "dependencies": [
            "azurerm_resource_group.demo"
          ]
        }
      ]
    },
    {
      "mode": "managed",
      "type": "azurerm_resource_group",
      "name": "demo",
      "provider": "provider.azurerm",
      "instances": [
        {
          "schema_version": 0,
          "attributes": {
            "id": "/subscriptions/cb093eb3-01ca-40f7-954f-db42917ce46a/resourceGroups/autoscaling-demo",
            "location": "canadacentral",
            "name": "autoscaling-demo",
            "tags": null,
            "timeouts": null
          },
          "private": "eyJlMmJmYjczMC1lY2FhLTExZTYtOGY4OC0zNDM2M2JjN2M0YzAiOnsiY3JlYXRlIjo1NDAwMDAwMDAwMDAwLCJkZWxldGUiOjU0MDAwMDAwMDAwMDAsInJlYWQiOjMwMDAwMDAwMDAwMCwidXBkYXRlIjo1NDAwMDAwMDAwMDAwfX0="
        }
      ]
    },
    {
      "mode": "managed",
      "type": "azurerm_subnet",
      "name": "demo-subnet-1",
      "provider": "provider.azurerm",
      "instances": [
        {
          "schema_version": 0,
          "attributes": {
            "address_prefix": "10.0.0.0/24",
            "address_prefixes": [
              "10.0.0.0/24"
            ],
            "delegation": [],
            "enforce_private_link_endpoint_network_policies": false,
            "enforce_private_link_service_network_policies": false,
            "id": "/subscriptions/cb093eb3-01ca-40f7-954f-db42917ce46a/resourceGroups/autoscaling-demo/providers/Microsoft.Network/virtualNetworks/demo-network/subnets/demo-subnet-1",
            "name": "demo-subnet-1",
            "resource_group_name": "autoscaling-demo",
            "service_endpoints": null,
            "timeouts": null,
            "virtual_network_name": "demo-network"
          },
          "private": "eyJlMmJmYjczMC1lY2FhLTExZTYtOGY4OC0zNDM2M2JjN2M0YzAiOnsiY3JlYXRlIjoxODAwMDAwMDAwMDAwLCJkZWxldGUiOjE4MDAwMDAwMDAwMDAsInJlYWQiOjMwMDAwMDAwMDAwMCwidXBkYXRlIjoxODAwMDAwMDAwMDAwfX0=",
          "dependencies": [
            "azurerm_resource_group.demo",
            "azurerm_virtual_network.demo"
          ]
        }
      ]
    },
    {
      "mode": "managed",
      "type": "azurerm_virtual_machine_scale_set",
      "name": "demo",
      "provider": "provider.azurerm",
      "instances": [
        {
          "schema_version": 1,
          "attributes": {
            "automatic_os_upgrade": true,
            "boot_diagnostics": [],
            "eviction_policy": "",
            "extension": [],
            "health_probe_id": "/subscriptions/cb093eb3-01ca-40f7-954f-db42917ce46a/resourceGroups/autoscaling-demo/providers/Microsoft.Network/loadBalancers/demo-loadbalancer/probes/http-probe",
            "id": "/subscriptions/cb093eb3-01ca-40f7-954f-db42917ce46a/resourceGroups/autoscaling-demo/providers/Microsoft.Compute/virtualMachineScaleSets/mytestscaleset-1",
            "identity": [],
            "license_type": "",
            "location": "canadacentral",
            "name": "mytestscaleset-1",
            "network_profile": [
              {
                "accelerated_networking": null,
                "dns_settings": [],
                "ip_configuration": [
                  {
                    "application_gateway_backend_address_pool_ids": [],
                    "application_security_group_ids": [],
                    "load_balancer_backend_address_pool_ids": [
                      "/subscriptions/cb093eb3-01ca-40f7-954f-db42917ce46a/resourceGroups/autoscaling-demo/providers/Microsoft.Network/loadBalancers/demo-loadbalancer/backendAddressPools/BackEndAddressPool"
                    ],
                    "load_balancer_inbound_nat_rules_ids": [
                      "/subscriptions/cb093eb3-01ca-40f7-954f-db42917ce46a/resourceGroups/autoscaling-demo/providers/Microsoft.Network/loadBalancers/demo-loadbalancer/inboundNatPools/ssh"
                    ],
                    "name": "IPConfiguration",
                    "primary": true,
                    "public_ip_address_configuration": [],
                    "subnet_id": "/subscriptions/cb093eb3-01ca-40f7-954f-db42917ce46a/resourceGroups/autoscaling-demo/providers/Microsoft.Network/virtualNetworks/demo-network/subnets/demo-subnet-1"
                  }
                ],
                "ip_forwarding": false,
                "name": "networkprofile",
                "network_security_group_id": "/subscriptions/cb093eb3-01ca-40f7-954f-db42917ce46a/resourceGroups/autoscaling-demo/providers/Microsoft.Network/networkSecurityGroups/demo-instance-nsg",
                "primary": true
              }
            ],
            "os_profile": [
              {
                "admin_password": "",
                "admin_username": "demo",
                "computer_name_prefix": "demo",
                "custom_data": "IyEvYmluL2Jhc2gKCmFwdC1nZXQgdXBkYXRlICYmIGFwdC1nZXQgaW5zdGFsbCAteSBuZ2lueCAmJiBzeXN0ZW1jdGwgZW5hYmxlIG5naW54ICYmIHN5c3RlbWN0bCBzdGFydCBuZ2lueA=="
              }
            ],
            "os_profile_linux_config": [
              {
                "disable_password_authentication": true,
                "ssh_keys": [
                  {
                    "key_data": "ssh-rsa AAAAB3NzaC1yc2EAAAADAQABAAABAQDdBQBRlv6+kJfdpgDBGZbVCHWG7zL3pxqII/x397XWle+7CzM7MPThwHFTlCE9BE1RbCSES39xv4UVkjpJOCCrHgd3/VmFkBkal3ksXe9S8jTUVsC57devX9st/yKiV9j6UULUHxwJn64X1Jrzz+VA3pYhm4RQMp4Zh5YyVOb89lFbp1b4AdweXK4EKuV3vIWqhKZheHPn+y8QnIZHxXWi4KMa/VScYIvPIzABTlQfTy3EpEHR6DBnVCV6P9Lbb3lBXVs9C8D70DvH5j155CJdxRFyUIgcZ4wJkGpl0lZbGbcWSRspbBYG8oGK1TCbPmnd4el05oOBCZ+RSbur/8V7 einfochips@AHMLPT0737\n",
                    "path": "/home/demo/.ssh/authorized_keys"
                  }
                ]
              }
            ],
            "os_profile_secrets": [],
            "os_profile_windows_config": [],
            "overprovision": true,
            "plan": [],
            "priority": "",
            "proximity_placement_group_id": null,
            "resource_group_name": "autoscaling-demo",
            "rolling_upgrade_policy": [
              {
                "max_batch_instance_percent": 20,
                "max_unhealthy_instance_percent": 20,
                "max_unhealthy_upgraded_instance_percent": 5,
                "pause_time_between_batches": "PT0S"
              }
            ],
            "single_placement_group": true,
            "sku": [
              {
                "capacity": 2,
                "name": "Standard_A1_v2",
                "tier": "Standard"
              }
            ],
            "storage_profile_data_disk": [
              {
                "caching": "ReadWrite",
                "create_option": "Empty",
                "disk_size_gb": 10,
                "lun": 0,
                "managed_disk_type": "Standard_LRS"
              }
            ],
            "storage_profile_image_reference": [
              {
                "id": "",
                "offer": "UbuntuServer",
                "publisher": "Canonical",
                "sku": "16.04-LTS",
                "version": "latest"
              }
            ],
            "storage_profile_os_disk": [
              {
                "caching": "ReadWrite",
                "create_option": "FromImage",
                "image": "",
                "managed_disk_type": "Standard_LRS",
                "name": "",
                "os_type": "",
                "vhd_containers": []
              }
            ],
            "tags": null,
            "timeouts": null,
            "upgrade_policy_mode": "Rolling",
            "zones": []
          },
          "private": "eyJlMmJmYjczMC1lY2FhLTExZTYtOGY4OC0zNDM2M2JjN2M0YzAiOnsiY3JlYXRlIjozNjAwMDAwMDAwMDAwLCJkZWxldGUiOjM2MDAwMDAwMDAwMDAsInJlYWQiOjMwMDAwMDAwMDAwMCwidXBkYXRlIjozNjAwMDAwMDAwMDAwfSwic2NoZW1hX3ZlcnNpb24iOiIxIn0=",
          "dependencies": [
            "azurerm_lb.demo",
            "azurerm_lb_backend_address_pool.bpepool",
            "azurerm_lb_nat_pool.lbnatpool",
            "azurerm_lb_probe.demo",
            "azurerm_network_security_group.demo-instance",
            "azurerm_public_ip.demo",
            "azurerm_resource_group.demo",
            "azurerm_subnet.demo-subnet-1",
            "azurerm_virtual_network.demo"
          ]
        }
      ]
    },
    {
      "mode": "managed",
      "type": "azurerm_virtual_network",
      "name": "demo",
      "provider": "provider.azurerm",
      "instances": [
        {
          "schema_version": 0,
          "attributes": {
            "address_space": [
              "10.0.0.0/16"
            ],
            "ddos_protection_plan": [],
            "dns_servers": null,
            "guid": "713e1171-6012-43bd-afb7-746532115e9e",
            "id": "/subscriptions/cb093eb3-01ca-40f7-954f-db42917ce46a/resourceGroups/autoscaling-demo/providers/Microsoft.Network/virtualNetworks/demo-network",
            "location": "canadacentral",
            "name": "demo-network",
            "resource_group_name": "autoscaling-demo",
            "subnet": [],
            "tags": null,
            "timeouts": null
          },
          "private": "eyJlMmJmYjczMC1lY2FhLTExZTYtOGY4OC0zNDM2M2JjN2M0YzAiOnsiY3JlYXRlIjoxODAwMDAwMDAwMDAwLCJkZWxldGUiOjE4MDAwMDAwMDAwMDAsInJlYWQiOjMwMDAwMDAwMDAwMCwidXBkYXRlIjoxODAwMDAwMDAwMDAwfX0=",
          "dependencies": [
            "azurerm_resource_group.demo"
          ]
        }
      ]
    }
  ]
}
